
Microsoft Visual Studio Solution File, Format Version 12.00
# Visual Studio 2012
Project("{8BC9CEB8-8B4A-11D0-8D11-00A0C91BC942}") = "chapter7", "chapter7\chapter7.vcxproj", "{B57E2890-739F-46C5-B58D-7B39F65A90B0}"
EndProject
Global
	GlobalSection(SolutionConfigurationPlatforms) = preSolution
		Debug|Win32 = Debug|Win32
		Release|Win32 = Release|Win32
	EndGlobalSection
	GlobalSection(ProjectConfigurationPlatforms) = postSolution
		{B57E2890-739F-46C5-B58D-7B39F65A90B0}.Debug|Win32.ActiveCfg = Debug|Win32
		{B57E2890-739F-46C5-B58D-7B39F65A90B0}.Debug|Win32.Build.0 = Debug|Win32
		{B57E2890-739F-46C5-B58D-7B39F65A90B0}.Release|Win32.ActiveCfg = Release|Win32
		{B57E2890-739F-46C5-B58D-7B39F65A90B0}.Release|Win32.Build.0 = Release|Win32
	EndGlobalSection
	GlobalSection(SolutionProperties) = preSolution
		HideSolutionNode = FALSE
	EndGlobalSection
EndGlobal
