
Microsoft Visual Studio Solution File, Format Version 12.00
# Visual Studio 2012
Project("{8BC9CEB8-8B4A-11D0-8D11-00A0C91BC942}") = "mfc3", "mfc3\mfc3.vcxproj", "{910C3EE6-4535-48AC-8C91-C0A1AA399DA1}"
EndProject
Global
	GlobalSection(SolutionConfigurationPlatforms) = preSolution
		Debug|Win32 = Debug|Win32
		Release|Win32 = Release|Win32
	EndGlobalSection
	GlobalSection(ProjectConfigurationPlatforms) = postSolution
		{910C3EE6-4535-48AC-8C91-C0A1AA399DA1}.Debug|Win32.ActiveCfg = Debug|Win32
		{910C3EE6-4535-48AC-8C91-C0A1AA399DA1}.Debug|Win32.Build.0 = Debug|Win32
		{910C3EE6-4535-48AC-8C91-C0A1AA399DA1}.Release|Win32.ActiveCfg = Release|Win32
		{910C3EE6-4535-48AC-8C91-C0A1AA399DA1}.Release|Win32.Build.0 = Release|Win32
	EndGlobalSection
	GlobalSection(SolutionProperties) = preSolution
		HideSolutionNode = FALSE
	EndGlobalSection
EndGlobal
